// !$*UTF8*$!
{
	archiveVersion = 1;
	classes = {
	};
	objectVersion = 56;
	objects = {

/* Begin PBXBuildFile section */
		121E19252A9F608000B87439 /* TableViewHelpers.swift in Sources */ = {isa = PBXBuildFile; fileRef = 121E19242A9F608000B87439 /* TableViewHelpers.swift */; };
		121E19272A9F769200B87439 /* CorrectAnswerCell.xib in Resources */ = {isa = PBXBuildFile; fileRef = 121E19262A9F769200B87439 /* CorrectAnswerCell.xib */; };
		121E19292A9F8C4400B87439 /* WrongAnswerCell.xib in Resources */ = {isa = PBXBuildFile; fileRef = 121E19282A9F8C4400B87439 /* WrongAnswerCell.xib */; };
		123379522AA1E32500A420AA /* UITableViewExtensions.swift in Sources */ = {isa = PBXBuildFile; fileRef = 123379512AA1E32500A420AA /* UITableViewExtensions.swift */; };
		123379542AA1E39E00A420AA /* CorrectAnswerCell.swift in Sources */ = {isa = PBXBuildFile; fileRef = 123379532AA1E39E00A420AA /* CorrectAnswerCell.swift */; };
		123379562AA1E3BA00A420AA /* WrongAnswerCell.swift in Sources */ = {isa = PBXBuildFile; fileRef = 123379552AA1E3BA00A420AA /* WrongAnswerCell.swift */; };
		123379582AA1E3E000A420AA /* PresentableAnswer.swift in Sources */ = {isa = PBXBuildFile; fileRef = 123379572AA1E3E000A420AA /* PresentableAnswer.swift */; };
		124615F82AA251F900AEC114 /* QuizEngine.framework in Frameworks */ = {isa = PBXBuildFile; fileRef = 124615F72AA251F900AEC114 /* QuizEngine.framework */; };
		124615F92AA251F900AEC114 /* QuizEngine.framework in Embed Frameworks */ = {isa = PBXBuildFile; fileRef = 124615F72AA251F900AEC114 /* QuizEngine.framework */; settings = {ATTRIBUTES = (CodeSignOnCopy, RemoveHeadersOnCopy, ); }; };
		124615FC2AA252F400AEC114 /* NavigationControllerRouterTests.swift in Sources */ = {isa = PBXBuildFile; fileRef = 124615FB2AA252F400AEC114 /* NavigationControllerRouterTests.swift */; };
		124615FE2AA3492700AEC114 /* NavigationControllerRouter.swift in Sources */ = {isa = PBXBuildFile; fileRef = 124615FD2AA3492700AEC114 /* NavigationControllerRouter.swift */; };
		1249399A2AA376F1008CA861 /* QuestionTest.swift in Sources */ = {isa = PBXBuildFile; fileRef = 124939992AA376F1008CA861 /* QuestionTest.swift */; };
		12CE00872A9D26F200B6A8A4 /* ResultsViewControllerTests.swift in Sources */ = {isa = PBXBuildFile; fileRef = 12CE00862A9D26F200B6A8A4 /* ResultsViewControllerTests.swift */; };
		12CE00892A9D277D00B6A8A4 /* ResultsViewController.swift in Sources */ = {isa = PBXBuildFile; fileRef = 12CE00882A9D277D00B6A8A4 /* ResultsViewController.swift */; };
		12F124292A9B77670074C2E3 /* AppDelegate.swift in Sources */ = {isa = PBXBuildFile; fileRef = 12F124282A9B77670074C2E3 /* AppDelegate.swift */; };
		12F1242B2A9B77670074C2E3 /* SceneDelegate.swift in Sources */ = {isa = PBXBuildFile; fileRef = 12F1242A2A9B77670074C2E3 /* SceneDelegate.swift */; };
		12F124322A9B77670074C2E3 /* Assets.xcassets in Resources */ = {isa = PBXBuildFile; fileRef = 12F124312A9B77670074C2E3 /* Assets.xcassets */; };
		12F124352A9B77670074C2E3 /* LaunchScreen.storyboard in Resources */ = {isa = PBXBuildFile; fileRef = 12F124332A9B77670074C2E3 /* LaunchScreen.storyboard */; };
		12F124592A9B79100074C2E3 /* QuestionViewControllerTests.swift in Sources */ = {isa = PBXBuildFile; fileRef = 12F124582A9B79100074C2E3 /* QuestionViewControllerTests.swift */; };
		12F1245B2A9B79F30074C2E3 /* QuestionViewController.swift in Sources */ = {isa = PBXBuildFile; fileRef = 12F1245A2A9B79F30074C2E3 /* QuestionViewController.swift */; };
		12F1245D2A9B7A9E0074C2E3 /* QuestionViewController.xib in Resources */ = {isa = PBXBuildFile; fileRef = 12F1245C2A9B7A9E0074C2E3 /* QuestionViewController.xib */; };
/* End PBXBuildFile section */

/* Begin PBXContainerItemProxy section */
		12F1243C2A9B77670074C2E3 /* PBXContainerItemProxy */ = {
			isa = PBXContainerItemProxy;
			containerPortal = 12F1241D2A9B77670074C2E3 /* Project object */;
			proxyType = 1;
			remoteGlobalIDString = 12F124242A9B77670074C2E3;
			remoteInfo = QuizApp;
		};
/* End PBXContainerItemProxy section */

/* Begin PBXCopyFilesBuildPhase section */
		124615FA2AA251F900AEC114 /* Embed Frameworks */ = {
			isa = PBXCopyFilesBuildPhase;
			buildActionMask = 2147483647;
			dstPath = "";
			dstSubfolderSpec = 10;
			files = (
				124615F92AA251F900AEC114 /* QuizEngine.framework in Embed Frameworks */,
			);
			name = "Embed Frameworks";
			runOnlyForDeploymentPostprocessing = 0;
		};
/* End PBXCopyFilesBuildPhase section */

/* Begin PBXFileReference section */
		121E19242A9F608000B87439 /* TableViewHelpers.swift */ = {isa = PBXFileReference; lastKnownFileType = sourcecode.swift; path = TableViewHelpers.swift; sourceTree = "<group>"; };
		121E19262A9F769200B87439 /* CorrectAnswerCell.xib */ = {isa = PBXFileReference; lastKnownFileType = file.xib; path = CorrectAnswerCell.xib; sourceTree = "<group>"; };
		121E19282A9F8C4400B87439 /* WrongAnswerCell.xib */ = {isa = PBXFileReference; lastKnownFileType = file.xib; path = WrongAnswerCell.xib; sourceTree = "<group>"; };
		123379512AA1E32500A420AA /* UITableViewExtensions.swift */ = {isa = PBXFileReference; lastKnownFileType = sourcecode.swift; path = UITableViewExtensions.swift; sourceTree = "<group>"; };
		123379532AA1E39E00A420AA /* CorrectAnswerCell.swift */ = {isa = PBXFileReference; lastKnownFileType = sourcecode.swift; path = CorrectAnswerCell.swift; sourceTree = "<group>"; };
		123379552AA1E3BA00A420AA /* WrongAnswerCell.swift */ = {isa = PBXFileReference; lastKnownFileType = sourcecode.swift; path = WrongAnswerCell.swift; sourceTree = "<group>"; };
		123379572AA1E3E000A420AA /* PresentableAnswer.swift */ = {isa = PBXFileReference; lastKnownFileType = sourcecode.swift; path = PresentableAnswer.swift; sourceTree = "<group>"; };
		124615F72AA251F900AEC114 /* QuizEngine.framework */ = {isa = PBXFileReference; explicitFileType = wrapper.framework; path = QuizEngine.framework; sourceTree = BUILT_PRODUCTS_DIR; };
		124615FB2AA252F400AEC114 /* NavigationControllerRouterTests.swift */ = {isa = PBXFileReference; lastKnownFileType = sourcecode.swift; path = NavigationControllerRouterTests.swift; sourceTree = "<group>"; };
		124615FD2AA3492700AEC114 /* NavigationControllerRouter.swift */ = {isa = PBXFileReference; lastKnownFileType = sourcecode.swift; path = NavigationControllerRouter.swift; sourceTree = "<group>"; };
		124939992AA376F1008CA861 /* QuestionTest.swift */ = {isa = PBXFileReference; lastKnownFileType = sourcecode.swift; path = QuestionTest.swift; sourceTree = "<group>"; };
		12CE00862A9D26F200B6A8A4 /* ResultsViewControllerTests.swift */ = {isa = PBXFileReference; lastKnownFileType = sourcecode.swift; path = ResultsViewControllerTests.swift; sourceTree = "<group>"; };
		12CE00882A9D277D00B6A8A4 /* ResultsViewController.swift */ = {isa = PBXFileReference; lastKnownFileType = sourcecode.swift; path = ResultsViewController.swift; sourceTree = "<group>"; };
		12F124252A9B77670074C2E3 /* QuizApp.app */ = {isa = PBXFileReference; explicitFileType = wrapper.application; includeInIndex = 0; path = QuizApp.app; sourceTree = BUILT_PRODUCTS_DIR; };
		12F124282A9B77670074C2E3 /* AppDelegate.swift */ = {isa = PBXFileReference; lastKnownFileType = sourcecode.swift; path = AppDelegate.swift; sourceTree = "<group>"; };
		12F1242A2A9B77670074C2E3 /* SceneDelegate.swift */ = {isa = PBXFileReference; lastKnownFileType = sourcecode.swift; path = SceneDelegate.swift; sourceTree = "<group>"; };
		12F124312A9B77670074C2E3 /* Assets.xcassets */ = {isa = PBXFileReference; lastKnownFileType = folder.assetcatalog; path = Assets.xcassets; sourceTree = "<group>"; };
		12F124342A9B77670074C2E3 /* Base */ = {isa = PBXFileReference; lastKnownFileType = file.storyboard; name = Base; path = Base.lproj/LaunchScreen.storyboard; sourceTree = "<group>"; };
		12F124362A9B77670074C2E3 /* Info.plist */ = {isa = PBXFileReference; lastKnownFileType = text.plist.xml; path = Info.plist; sourceTree = "<group>"; };
		12F1243B2A9B77670074C2E3 /* QuizAppTests.xctest */ = {isa = PBXFileReference; explicitFileType = wrapper.cfbundle; includeInIndex = 0; path = QuizAppTests.xctest; sourceTree = BUILT_PRODUCTS_DIR; };
		12F124492A9B77670074C2E3 /* QuizAppUITests.swift */ = {isa = PBXFileReference; lastKnownFileType = sourcecode.swift; path = QuizAppUITests.swift; sourceTree = "<group>"; };
		12F1244B2A9B77670074C2E3 /* QuizAppUITestsLaunchTests.swift */ = {isa = PBXFileReference; lastKnownFileType = sourcecode.swift; path = QuizAppUITestsLaunchTests.swift; sourceTree = "<group>"; };
		12F124582A9B79100074C2E3 /* QuestionViewControllerTests.swift */ = {isa = PBXFileReference; lastKnownFileType = sourcecode.swift; path = QuestionViewControllerTests.swift; sourceTree = "<group>"; };
		12F1245A2A9B79F30074C2E3 /* QuestionViewController.swift */ = {isa = PBXFileReference; lastKnownFileType = sourcecode.swift; path = QuestionViewController.swift; sourceTree = "<group>"; };
		12F1245C2A9B7A9E0074C2E3 /* QuestionViewController.xib */ = {isa = PBXFileReference; lastKnownFileType = file.xib; path = QuestionViewController.xib; sourceTree = "<group>"; };
/* End PBXFileReference section */

/* Begin PBXFrameworksBuildPhase section */
		12F124222A9B77670074C2E3 /* Frameworks */ = {
			isa = PBXFrameworksBuildPhase;
			buildActionMask = 2147483647;
			files = (
				124615F82AA251F900AEC114 /* QuizEngine.framework in Frameworks */,
			);
			runOnlyForDeploymentPostprocessing = 0;
		};
		12F124382A9B77670074C2E3 /* Frameworks */ = {
			isa = PBXFrameworksBuildPhase;
			buildActionMask = 2147483647;
			files = (
			);
			runOnlyForDeploymentPostprocessing = 0;
		};
/* End PBXFrameworksBuildPhase section */

/* Begin PBXGroup section */
		124615F62AA251F900AEC114 /* Frameworks */ = {
			isa = PBXGroup;
			children = (
				124615F72AA251F900AEC114 /* QuizEngine.framework */,
			);
			name = Frameworks;
			sourceTree = "<group>";
		};
		12F1241C2A9B77670074C2E3 = {
			isa = PBXGroup;
			children = (
				12F124272A9B77670074C2E3 /* QuizApp */,
				12F1243E2A9B77670074C2E3 /* QuizAppTests */,
				12F124482A9B77670074C2E3 /* QuizAppUITests */,
				12F124262A9B77670074C2E3 /* Products */,
				124615F62AA251F900AEC114 /* Frameworks */,
			);
			sourceTree = "<group>";
		};
		12F124262A9B77670074C2E3 /* Products */ = {
			isa = PBXGroup;
			children = (
				12F124252A9B77670074C2E3 /* QuizApp.app */,
				12F1243B2A9B77670074C2E3 /* QuizAppTests.xctest */,
			);
			name = Products;
			sourceTree = "<group>";
		};
		12F124272A9B77670074C2E3 /* QuizApp */ = {
			isa = PBXGroup;
			children = (
				12F124282A9B77670074C2E3 /* AppDelegate.swift */,
				12F1242A2A9B77670074C2E3 /* SceneDelegate.swift */,
				12F124312A9B77670074C2E3 /* Assets.xcassets */,
				12F124332A9B77670074C2E3 /* LaunchScreen.storyboard */,
				12F124362A9B77670074C2E3 /* Info.plist */,
				12F1245A2A9B79F30074C2E3 /* QuestionViewController.swift */,
				12F1245C2A9B7A9E0074C2E3 /* QuestionViewController.xib */,
				12CE00882A9D277D00B6A8A4 /* ResultsViewController.swift */,
				121E19262A9F769200B87439 /* CorrectAnswerCell.xib */,
				121E19282A9F8C4400B87439 /* WrongAnswerCell.xib */,
				123379512AA1E32500A420AA /* UITableViewExtensions.swift */,
				123379532AA1E39E00A420AA /* CorrectAnswerCell.swift */,
				123379552AA1E3BA00A420AA /* WrongAnswerCell.swift */,
				123379572AA1E3E000A420AA /* PresentableAnswer.swift */,
				124615FD2AA3492700AEC114 /* NavigationControllerRouter.swift */,
			);
			path = QuizApp;
			sourceTree = "<group>";
		};
		12F1243E2A9B77670074C2E3 /* QuizAppTests */ = {
			isa = PBXGroup;
			children = (
				12F124582A9B79100074C2E3 /* QuestionViewControllerTests.swift */,
				12CE00862A9D26F200B6A8A4 /* ResultsViewControllerTests.swift */,
				121E19242A9F608000B87439 /* TableViewHelpers.swift */,
				124615FB2AA252F400AEC114 /* NavigationControllerRouterTests.swift */,
				124939992AA376F1008CA861 /* QuestionTest.swift */,
			);
			path = QuizAppTests;
			sourceTree = "<group>";
		};
		12F124482A9B77670074C2E3 /* QuizAppUITests */ = {
			isa = PBXGroup;
			children = (
				12F124492A9B77670074C2E3 /* QuizAppUITests.swift */,
				12F1244B2A9B77670074C2E3 /* QuizAppUITestsLaunchTests.swift */,
			);
			path = QuizAppUITests;
			sourceTree = "<group>";
		};
/* End PBXGroup section */

/* Begin PBXNativeTarget section */
		12F124242A9B77670074C2E3 /* QuizApp */ = {
			isa = PBXNativeTarget;
			buildConfigurationList = 12F1244F2A9B77670074C2E3 /* Build configuration list for PBXNativeTarget "QuizApp" */;
			buildPhases = (
				12F124212A9B77670074C2E3 /* Sources */,
				12F124222A9B77670074C2E3 /* Frameworks */,
				12F124232A9B77670074C2E3 /* Resources */,
				124615FA2AA251F900AEC114 /* Embed Frameworks */,
			);
			buildRules = (
			);
			dependencies = (
			);
			name = QuizApp;
			productName = QuizApp;
			productReference = 12F124252A9B77670074C2E3 /* QuizApp.app */;
			productType = "com.apple.product-type.application";
		};
		12F1243A2A9B77670074C2E3 /* QuizAppTests */ = {
			isa = PBXNativeTarget;
			buildConfigurationList = 12F124522A9B77670074C2E3 /* Build configuration list for PBXNativeTarget "QuizAppTests" */;
			buildPhases = (
				12F124372A9B77670074C2E3 /* Sources */,
				12F124382A9B77670074C2E3 /* Frameworks */,
				12F124392A9B77670074C2E3 /* Resources */,
			);
			buildRules = (
			);
			dependencies = (
				12F1243D2A9B77670074C2E3 /* PBXTargetDependency */,
			);
			name = QuizAppTests;
			productName = QuizAppTests;
			productReference = 12F1243B2A9B77670074C2E3 /* QuizAppTests.xctest */;
			productType = "com.apple.product-type.bundle.unit-test";
		};
/* End PBXNativeTarget section */

/* Begin PBXProject section */
		12F1241D2A9B77670074C2E3 /* Project object */ = {
			isa = PBXProject;
			attributes = {
				BuildIndependentTargetsInParallel = 1;
				LastSwiftUpdateCheck = 1430;
				LastUpgradeCheck = 1430;
				TargetAttributes = {
					12F124242A9B77670074C2E3 = {
						CreatedOnToolsVersion = 14.3.1;
					};
					12F1243A2A9B77670074C2E3 = {
						CreatedOnToolsVersion = 14.3.1;
						LastSwiftMigration = 1430;
						TestTargetID = 12F124242A9B77670074C2E3;
					};
				};
			};
			buildConfigurationList = 12F124202A9B77670074C2E3 /* Build configuration list for PBXProject "QuizApp" */;
			compatibilityVersion = "Xcode 14.0";
			developmentRegion = en;
			hasScannedForEncodings = 0;
			knownRegions = (
				en,
				Base,
			);
			mainGroup = 12F1241C2A9B77670074C2E3;
			productRefGroup = 12F124262A9B77670074C2E3 /* Products */;
			projectDirPath = "";
			projectRoot = "";
			targets = (
				12F124242A9B77670074C2E3 /* QuizApp */,
				12F1243A2A9B77670074C2E3 /* QuizAppTests */,
			);
		};
/* End PBXProject section */

/* Begin PBXResourcesBuildPhase section */
		12F124232A9B77670074C2E3 /* Resources */ = {
			isa = PBXResourcesBuildPhase;
			buildActionMask = 2147483647;
			files = (
				121E19272A9F769200B87439 /* CorrectAnswerCell.xib in Resources */,
				12F124352A9B77670074C2E3 /* LaunchScreen.storyboard in Resources */,
				12F124322A9B77670074C2E3 /* Assets.xcassets in Resources */,
				121E19292A9F8C4400B87439 /* WrongAnswerCell.xib in Resources */,
				12F1245D2A9B7A9E0074C2E3 /* QuestionViewController.xib in Resources */,
			);
			runOnlyForDeploymentPostprocessing = 0;
		};
		12F124392A9B77670074C2E3 /* Resources */ = {
			isa = PBXResourcesBuildPhase;
			buildActionMask = 2147483647;
			files = (
			);
			runOnlyForDeploymentPostprocessing = 0;
		};
/* End PBXResourcesBuildPhase section */

/* Begin PBXSourcesBuildPhase section */
		12F124212A9B77670074C2E3 /* Sources */ = {
			isa = PBXSourcesBuildPhase;
			buildActionMask = 2147483647;
			files = (
				123379522AA1E32500A420AA /* UITableViewExtensions.swift in Sources */,
				12F124292A9B77670074C2E3 /* AppDelegate.swift in Sources */,
				123379562AA1E3BA00A420AA /* WrongAnswerCell.swift in Sources */,
				12F1242B2A9B77670074C2E3 /* SceneDelegate.swift in Sources */,
				12F1245B2A9B79F30074C2E3 /* QuestionViewController.swift in Sources */,
				123379542AA1E39E00A420AA /* CorrectAnswerCell.swift in Sources */,
				124615FE2AA3492700AEC114 /* NavigationControllerRouter.swift in Sources */,
				12CE00892A9D277D00B6A8A4 /* ResultsViewController.swift in Sources */,
				123379582AA1E3E000A420AA /* PresentableAnswer.swift in Sources */,
			);
			runOnlyForDeploymentPostprocessing = 0;
		};
		12F124372A9B77670074C2E3 /* Sources */ = {
			isa = PBXSourcesBuildPhase;
			buildActionMask = 2147483647;
			files = (
				1249399A2AA376F1008CA861 /* QuestionTest.swift in Sources */,
				124615FC2AA252F400AEC114 /* NavigationControllerRouterTests.swift in Sources */,
				12CE00872A9D26F200B6A8A4 /* ResultsViewControllerTests.swift in Sources */,
				12F124592A9B79100074C2E3 /* QuestionViewControllerTests.swift in Sources */,
				121E19252A9F608000B87439 /* TableViewHelpers.swift in Sources */,
			);
			runOnlyForDeploymentPostprocessing = 0;
		};
/* End PBXSourcesBuildPhase section */

/* Begin PBXTargetDependency section */
		12F1243D2A9B77670074C2E3 /* PBXTargetDependency */ = {
			isa = PBXTargetDependency;
			target = 12F124242A9B77670074C2E3 /* QuizApp */;
			targetProxy = 12F1243C2A9B77670074C2E3 /* PBXContainerItemProxy */;
		};
/* End PBXTargetDependency section */

/* Begin PBXVariantGroup section */
		12F124332A9B77670074C2E3 /* LaunchScreen.storyboard */ = {
			isa = PBXVariantGroup;
			children = (
				12F124342A9B77670074C2E3 /* Base */,
			);
			name = LaunchScreen.storyboard;
			sourceTree = "<group>";
		};
/* End PBXVariantGroup section */

/* Begin XCBuildConfiguration section */
		12F1244D2A9B77670074C2E3 /* Debug */ = {
			isa = XCBuildConfiguration;
			buildSettings = {
				ALWAYS_SEARCH_USER_PATHS = NO;
				CLANG_ANALYZER_NONNULL = YES;
				CLANG_ANALYZER_NUMBER_OBJECT_CONVERSION = YES_AGGRESSIVE;
				CLANG_CXX_LANGUAGE_STANDARD = "gnu++20";
				CLANG_ENABLE_MODULES = YES;
				CLANG_ENABLE_OBJC_ARC = YES;
				CLANG_ENABLE_OBJC_WEAK = YES;
				CLANG_WARN_BLOCK_CAPTURE_AUTORELEASING = YES;
				CLANG_WARN_BOOL_CONVERSION = YES;
				CLANG_WARN_COMMA = YES;
				CLANG_WARN_CONSTANT_CONVERSION = YES;
				CLANG_WARN_DEPRECATED_OBJC_IMPLEMENTATIONS = YES;
				CLANG_WARN_DIRECT_OBJC_ISA_USAGE = YES_ERROR;
				CLANG_WARN_DOCUMENTATION_COMMENTS = YES;
				CLANG_WARN_EMPTY_BODY = YES;
				CLANG_WARN_ENUM_CONVERSION = YES;
				CLANG_WARN_INFINITE_RECURSION = YES;
				CLANG_WARN_INT_CONVERSION = YES;
				CLANG_WARN_NON_LITERAL_NULL_CONVERSION = YES;
				CLANG_WARN_OBJC_IMPLICIT_RETAIN_SELF = YES;
				CLANG_WARN_OBJC_LITERAL_CONVERSION = YES;
				CLANG_WARN_OBJC_ROOT_CLASS = YES_ERROR;
				CLANG_WARN_QUOTED_INCLUDE_IN_FRAMEWORK_HEADER = YES;
				CLANG_WARN_RANGE_LOOP_ANALYSIS = YES;
				CLANG_WARN_STRICT_PROTOTYPES = YES;
				CLANG_WARN_SUSPICIOUS_MOVE = YES;
				CLANG_WARN_UNGUARDED_AVAILABILITY = YES_AGGRESSIVE;
				CLANG_WARN_UNREACHABLE_CODE = YES;
				CLANG_WARN__DUPLICATE_METHOD_MATCH = YES;
				COPY_PHASE_STRIP = NO;
				DEBUG_INFORMATION_FORMAT = dwarf;
				ENABLE_STRICT_OBJC_MSGSEND = YES;
				ENABLE_TESTABILITY = YES;
				GCC_C_LANGUAGE_STANDARD = gnu11;
				GCC_DYNAMIC_NO_PIC = NO;
				GCC_NO_COMMON_BLOCKS = YES;
				GCC_OPTIMIZATION_LEVEL = 0;
				GCC_PREPROCESSOR_DEFINITIONS = (
					"DEBUG=1",
					"$(inherited)",
				);
				GCC_WARN_64_TO_32_BIT_CONVERSION = YES;
				GCC_WARN_ABOUT_RETURN_TYPE = YES_ERROR;
				GCC_WARN_UNDECLARED_SELECTOR = YES;
				GCC_WARN_UNINITIALIZED_AUTOS = YES_AGGRESSIVE;
				GCC_WARN_UNUSED_FUNCTION = YES;
				GCC_WARN_UNUSED_VARIABLE = YES;
				IPHONEOS_DEPLOYMENT_TARGET = 16.4;
				MTL_ENABLE_DEBUG_INFO = INCLUDE_SOURCE;
				MTL_FAST_MATH = YES;
				ONLY_ACTIVE_ARCH = YES;
				SDKROOT = iphoneos;
				SWIFT_ACTIVE_COMPILATION_CONDITIONS = DEBUG;
				SWIFT_OPTIMIZATION_LEVEL = "-Onone";
			};
			name = Debug;
		};
		12F1244E2A9B77670074C2E3 /* Release */ = {
			isa = XCBuildConfiguration;
			buildSettings = {
				ALWAYS_SEARCH_USER_PATHS = NO;
				CLANG_ANALYZER_NONNULL = YES;
				CLANG_ANALYZER_NUMBER_OBJECT_CONVERSION = YES_AGGRESSIVE;
				CLANG_CXX_LANGUAGE_STANDARD = "gnu++20";
				CLANG_ENABLE_MODULES = YES;
				CLANG_ENABLE_OBJC_ARC = YES;
				CLANG_ENABLE_OBJC_WEAK = YES;
				CLANG_WARN_BLOCK_CAPTURE_AUTORELEASING = YES;
				CLANG_WARN_BOOL_CONVERSION = YES;
				CLANG_WARN_COMMA = YES;
				CLANG_WARN_CONSTANT_CONVERSION = YES;
				CLANG_WARN_DEPRECATED_OBJC_IMPLEMENTATIONS = YES;
				CLANG_WARN_DIRECT_OBJC_ISA_USAGE = YES_ERROR;
				CLANG_WARN_DOCUMENTATION_COMMENTS = YES;
				CLANG_WARN_EMPTY_BODY = YES;
				CLANG_WARN_ENUM_CONVERSION = YES;
				CLANG_WARN_INFINITE_RECURSION = YES;
				CLANG_WARN_INT_CONVERSION = YES;
				CLANG_WARN_NON_LITERAL_NULL_CONVERSION = YES;
				CLANG_WARN_OBJC_IMPLICIT_RETAIN_SELF = YES;
				CLANG_WARN_OBJC_LITERAL_CONVERSION = YES;
				CLANG_WARN_OBJC_ROOT_CLASS = YES_ERROR;
				CLANG_WARN_QUOTED_INCLUDE_IN_FRAMEWORK_HEADER = YES;
				CLANG_WARN_RANGE_LOOP_ANALYSIS = YES;
				CLANG_WARN_STRICT_PROTOTYPES = YES;
				CLANG_WARN_SUSPICIOUS_MOVE = YES;
				CLANG_WARN_UNGUARDED_AVAILABILITY = YES_AGGRESSIVE;
				CLANG_WARN_UNREACHABLE_CODE = YES;
				CLANG_WARN__DUPLICATE_METHOD_MATCH = YES;
				COPY_PHASE_STRIP = NO;
				DEBUG_INFORMATION_FORMAT = "dwarf-with-dsym";
				ENABLE_NS_ASSERTIONS = NO;
				ENABLE_STRICT_OBJC_MSGSEND = YES;
				GCC_C_LANGUAGE_STANDARD = gnu11;
				GCC_NO_COMMON_BLOCKS = YES;
				GCC_WARN_64_TO_32_BIT_CONVERSION = YES;
				GCC_WARN_ABOUT_RETURN_TYPE = YES_ERROR;
				GCC_WARN_UNDECLARED_SELECTOR = YES;
				GCC_WARN_UNINITIALIZED_AUTOS = YES_AGGRESSIVE;
				GCC_WARN_UNUSED_FUNCTION = YES;
				GCC_WARN_UNUSED_VARIABLE = YES;
				IPHONEOS_DEPLOYMENT_TARGET = 16.4;
				MTL_ENABLE_DEBUG_INFO = NO;
				MTL_FAST_MATH = YES;
				SDKROOT = iphoneos;
				SWIFT_COMPILATION_MODE = wholemodule;
				SWIFT_OPTIMIZATION_LEVEL = "-O";
				VALIDATE_PRODUCT = YES;
			};
			name = Release;
		};
		12F124502A9B77670074C2E3 /* Debug */ = {
			isa = XCBuildConfiguration;
			buildSettings = {
				ASSETCATALOG_COMPILER_APPICON_NAME = AppIcon;
				ASSETCATALOG_COMPILER_GLOBAL_ACCENT_COLOR_NAME = AccentColor;
				CODE_SIGN_STYLE = Automatic;
				CURRENT_PROJECT_VERSION = 1;
				DEVELOPMENT_TEAM = RPQ3VF2JBZ;
				GENERATE_INFOPLIST_FILE = YES;
				INFOPLIST_FILE = QuizApp/Info.plist;
				INFOPLIST_KEY_UIApplicationSupportsIndirectInputEvents = YES;
				INFOPLIST_KEY_UILaunchStoryboardName = LaunchScreen;
				INFOPLIST_KEY_UIMainStoryboardFile = "";
				INFOPLIST_KEY_UISupportedInterfaceOrientations_iPad = "UIInterfaceOrientationPortrait UIInterfaceOrientationPortraitUpsideDown UIInterfaceOrientationLandscapeLeft UIInterfaceOrientationLandscapeRight";
				INFOPLIST_KEY_UISupportedInterfaceOrientations_iPhone = "UIInterfaceOrientationPortrait UIInterfaceOrientationLandscapeLeft UIInterfaceOrientationLandscapeRight";
				LD_RUNPATH_SEARCH_PATHS = (
					"$(inherited)",
					"@executable_path/Frameworks",
				);
				MARKETING_VERSION = 1.0;
				PRODUCT_BUNDLE_IDENTIFIER = com.mfsaglam.QuizApp;
				PRODUCT_NAME = "$(TARGET_NAME)";
				SWIFT_EMIT_LOC_STRINGS = YES;
				SWIFT_VERSION = 5.0;
				TARGETED_DEVICE_FAMILY = "1,2";
			};
			name = Debug;
		};
		12F124512A9B77670074C2E3 /* Release */ = {
			isa = XCBuildConfiguration;
			buildSettings = {
				ASSETCATALOG_COMPILER_APPICON_NAME = AppIcon;
				ASSETCATALOG_COMPILER_GLOBAL_ACCENT_COLOR_NAME = AccentColor;
				CODE_SIGN_STYLE = Automatic;
				CURRENT_PROJECT_VERSION = 1;
				DEVELOPMENT_TEAM = RPQ3VF2JBZ;
				GENERATE_INFOPLIST_FILE = YES;
				INFOPLIST_FILE = QuizApp/Info.plist;
				INFOPLIST_KEY_UIApplicationSupportsIndirectInputEvents = YES;
				INFOPLIST_KEY_UILaunchStoryboardName = LaunchScreen;
				INFOPLIST_KEY_UIMainStoryboardFile = "";
				INFOPLIST_KEY_UISupportedInterfaceOrientations_iPad = "UIInterfaceOrientationPortrait UIInterfaceOrientationPortraitUpsideDown UIInterfaceOrientationLandscapeLeft UIInterfaceOrientationLandscapeRight";
				INFOPLIST_KEY_UISupportedInterfaceOrientations_iPhone = "UIInterfaceOrientationPortrait UIInterfaceOrientationLandscapeLeft UIInterfaceOrientationLandscapeRight";
				LD_RUNPATH_SEARCH_PATHS = (
					"$(inherited)",
					"@executable_path/Frameworks",
				);
				MARKETING_VERSION = 1.0;
				PRODUCT_BUNDLE_IDENTIFIER = com.mfsaglam.QuizApp;
				PRODUCT_NAME = "$(TARGET_NAME)";
				SWIFT_EMIT_LOC_STRINGS = YES;
				SWIFT_VERSION = 5.0;
				TARGETED_DEVICE_FAMILY = "1,2";
			};
			name = Release;
		};
		12F124532A9B77670074C2E3 /* Debug */ = {
			isa = XCBuildConfiguration;
			buildSettings = {
				ALWAYS_EMBED_SWIFT_STANDARD_LIBRARIES = YES;
				BUNDLE_LOADER = "$(TEST_HOST)";
				CLANG_ENABLE_MODULES = YES;
				CODE_SIGN_STYLE = Automatic;
				CURRENT_PROJECT_VERSION = 1;
				DEVELOPMENT_TEAM = RPQ3VF2JBZ;
				GENERATE_INFOPLIST_FILE = YES;
				IPHONEOS_DEPLOYMENT_TARGET = 16.4;
				MARKETING_VERSION = 1.0;
				PRODUCT_BUNDLE_IDENTIFIER = com.mfsaglam.QuizAppTests;
				PRODUCT_NAME = "$(TARGET_NAME)";
				SWIFT_EMIT_LOC_STRINGS = NO;
				SWIFT_OPTIMIZATION_LEVEL = "-Onone";
				SWIFT_VERSION = 5.0;
				TARGETED_DEVICE_FAMILY = "1,2";
				TEST_HOST = "$(BUILT_PRODUCTS_DIR)/QuizApp.app/$(BUNDLE_EXECUTABLE_FOLDER_PATH)/QuizApp";
			};
			name = Debug;
		};
		12F124542A9B77670074C2E3 /* Release */ = {
			isa = XCBuildConfiguration;
			buildSettings = {
				ALWAYS_EMBED_SWIFT_STANDARD_LIBRARIES = YES;
				BUNDLE_LOADER = "$(TEST_HOST)";
				CLANG_ENABLE_MODULES = YES;
				CODE_SIGN_STYLE = Automatic;
				CURRENT_PROJECT_VERSION = 1;
				DEVELOPMENT_TEAM = RPQ3VF2JBZ;
				GENERATE_INFOPLIST_FILE = YES;
				IPHONEOS_DEPLOYMENT_TARGET = 16.4;
				MARKETING_VERSION = 1.0;
				PRODUCT_BUNDLE_IDENTIFIER = com.mfsaglam.QuizAppTests;
				PRODUCT_NAME = "$(TARGET_NAME)";
				SWIFT_EMIT_LOC_STRINGS = NO;
				SWIFT_VERSION = 5.0;
				TARGETED_DEVICE_FAMILY = "1,2";
				TEST_HOST = "$(BUILT_PRODUCTS_DIR)/QuizApp.app/$(BUNDLE_EXECUTABLE_FOLDER_PATH)/QuizApp";
			};
			name = Release;
		};
/* End XCBuildConfiguration section */

/* Begin XCConfigurationList section */
		12F124202A9B77670074C2E3 /* Build configuration list for PBXProject "QuizApp" */ = {
			isa = XCConfigurationList;
			buildConfigurations = (
				12F1244D2A9B77670074C2E3 /* Debug */,
				12F1244E2A9B77670074C2E3 /* Release */,
			);
			defaultConfigurationIsVisible = 0;
			defaultConfigurationName = Release;
		};
		12F1244F2A9B77670074C2E3 /* Build configuration list for PBXNativeTarget "QuizApp" */ = {
			isa = XCConfigurationList;
			buildConfigurations = (
				12F124502A9B77670074C2E3 /* Debug */,
				12F124512A9B77670074C2E3 /* Release */,
			);
			defaultConfigurationIsVisible = 0;
			defaultConfigurationName = Release;
		};
		12F124522A9B77670074C2E3 /* Build configuration list for PBXNativeTarget "QuizAppTests" */ = {
			isa = XCConfigurationList;
			buildConfigurations = (
				12F124532A9B77670074C2E3 /* Debug */,
				12F124542A9B77670074C2E3 /* Release */,
			);
			defaultConfigurationIsVisible = 0;
			defaultConfigurationName = Release;
		};
/* End XCConfigurationList section */
	};
	rootObject = 12F1241D2A9B77670074C2E3 /* Project object */;
}
