// !$*UTF8*$!
{
	archiveVersion = 1;
	classes = {
	};
	objectVersion = 56;
	objects = {

/* Begin PBXBuildFile section */
		1233795A2AA21A4800A420AA /* Result.swift in Sources */ = {isa = PBXBuildFile; fileRef = 123379592AA21A4800A420AA /* Result.swift */; };
		1233795C2AA21A6C00A420AA /* Router.swift in Sources */ = {isa = PBXBuildFile; fileRef = 1233795B2AA21A6C00A420AA /* Router.swift */; };
		1233795E2AA21BF800A420AA /* DeprecatedGameTest.swift in Sources */ = {isa = PBXBuildFile; fileRef = 1233795D2AA21BF800A420AA /* DeprecatedGameTest.swift */; };
		123379602AA21CD800A420AA /* Game.swift in Sources */ = {isa = PBXBuildFile; fileRef = 1233795F2AA21CD800A420AA /* Game.swift */; };
		124615E22AA24BB600AEC114 /* QuizEngine.framework in Frameworks */ = {isa = PBXBuildFile; fileRef = 124615DA2AA24BB600AEC114 /* QuizEngine.framework */; };
		124615EF2AA24CA300AEC114 /* FlowTest.swift in Sources */ = {isa = PBXBuildFile; fileRef = 129E87F72A9A0BA200C21183 /* FlowTest.swift */; };
		124615F02AA24CA300AEC114 /* DeprecatedGameTest.swift in Sources */ = {isa = PBXBuildFile; fileRef = 1233795D2AA21BF800A420AA /* DeprecatedGameTest.swift */; };
		124615F22AA24CB500AEC114 /* Result.swift in Sources */ = {isa = PBXBuildFile; fileRef = 123379592AA21A4800A420AA /* Result.swift */; };
		124615F32AA24CB500AEC114 /* Game.swift in Sources */ = {isa = PBXBuildFile; fileRef = 1233795F2AA21CD800A420AA /* Game.swift */; };
		124615F42AA24CB500AEC114 /* Router.swift in Sources */ = {isa = PBXBuildFile; fileRef = 1233795B2AA21A6C00A420AA /* Router.swift */; };
		124615F52AA24CB500AEC114 /* Flow.swift in Sources */ = {isa = PBXBuildFile; fileRef = 129E87F92A9A0EA100C21183 /* Flow.swift */; };
		129E87E82A9A0A0000C21183 /* QuizEngine.framework in Frameworks */ = {isa = PBXBuildFile; fileRef = 129E87DF2A9A0A0000C21183 /* QuizEngine.framework */; };
		129E87F82A9A0BA200C21183 /* FlowTest.swift in Sources */ = {isa = PBXBuildFile; fileRef = 129E87F72A9A0BA200C21183 /* FlowTest.swift */; };
		129E87FA2A9A0EA200C21183 /* Flow.swift in Sources */ = {isa = PBXBuildFile; fileRef = 129E87F92A9A0EA100C21183 /* Flow.swift */; };
		12ABD22C2AE59904007C8F87 /* Question.swift in Sources */ = {isa = PBXBuildFile; fileRef = 12ABD22B2AE59904007C8F87 /* Question.swift */; };
		12ABD22D2AE59904007C8F87 /* Question.swift in Sources */ = {isa = PBXBuildFile; fileRef = 12ABD22B2AE59904007C8F87 /* Question.swift */; };
		12E179C22AEE90BE001691A5 /* QuestionTest.swift in Sources */ = {isa = PBXBuildFile; fileRef = 12E179C12AEE90BE001691A5 /* QuestionTest.swift */; };
/* End PBXBuildFile section */

/* Begin PBXContainerItemProxy section */
		124615E32AA24BB600AEC114 /* PBXContainerItemProxy */ = {
			isa = PBXContainerItemProxy;
			containerPortal = 129E87D62A9A0A0000C21183 /* Project object */;
			proxyType = 1;
			remoteGlobalIDString = 124615D92AA24BB600AEC114;
			remoteInfo = QuizEngine_iOS;
		};
		129E87E92A9A0A0000C21183 /* PBXContainerItemProxy */ = {
			isa = PBXContainerItemProxy;
			containerPortal = 129E87D62A9A0A0000C21183 /* Project object */;
			proxyType = 1;
			remoteGlobalIDString = 129E87DE2A9A0A0000C21183;
			remoteInfo = QuizEngine;
		};
/* End PBXContainerItemProxy section */

/* Begin PBXFileReference section */
		123379592AA21A4800A420AA /* Result.swift */ = {isa = PBXFileReference; lastKnownFileType = sourcecode.swift; path = Result.swift; sourceTree = "<group>"; };
		1233795B2AA21A6C00A420AA /* Router.swift */ = {isa = PBXFileReference; lastKnownFileType = sourcecode.swift; path = Router.swift; sourceTree = "<group>"; };
		1233795D2AA21BF800A420AA /* DeprecatedGameTest.swift */ = {isa = PBXFileReference; lastKnownFileType = sourcecode.swift; path = DeprecatedGameTest.swift; sourceTree = "<group>"; };
		1233795F2AA21CD800A420AA /* Game.swift */ = {isa = PBXFileReference; lastKnownFileType = sourcecode.swift; path = Game.swift; sourceTree = "<group>"; };
		124615DA2AA24BB600AEC114 /* QuizEngine.framework */ = {isa = PBXFileReference; explicitFileType = wrapper.framework; includeInIndex = 0; path = QuizEngine.framework; sourceTree = BUILT_PRODUCTS_DIR; };
		124615E12AA24BB600AEC114 /* QuizEngine_iOSTests.xctest */ = {isa = PBXFileReference; explicitFileType = wrapper.cfbundle; includeInIndex = 0; path = QuizEngine_iOSTests.xctest; sourceTree = BUILT_PRODUCTS_DIR; };
		129E87DF2A9A0A0000C21183 /* QuizEngine.framework */ = {isa = PBXFileReference; explicitFileType = wrapper.framework; includeInIndex = 0; path = QuizEngine.framework; sourceTree = BUILT_PRODUCTS_DIR; };
		129E87E72A9A0A0000C21183 /* QuizEngineTests.xctest */ = {isa = PBXFileReference; explicitFileType = wrapper.cfbundle; includeInIndex = 0; path = QuizEngineTests.xctest; sourceTree = BUILT_PRODUCTS_DIR; };
		129E87F72A9A0BA200C21183 /* FlowTest.swift */ = {isa = PBXFileReference; lastKnownFileType = sourcecode.swift; path = FlowTest.swift; sourceTree = "<group>"; };
		129E87F92A9A0EA100C21183 /* Flow.swift */ = {isa = PBXFileReference; lastKnownFileType = sourcecode.swift; path = Flow.swift; sourceTree = "<group>"; };
		12ABD22B2AE59904007C8F87 /* Question.swift */ = {isa = PBXFileReference; lastKnownFileType = sourcecode.swift; path = Question.swift; sourceTree = "<group>"; };
		12E179C12AEE90BE001691A5 /* QuestionTest.swift */ = {isa = PBXFileReference; fileEncoding = 4; lastKnownFileType = sourcecode.swift; path = QuestionTest.swift; sourceTree = "<group>"; };
/* End PBXFileReference section */

/* Begin PBXFrameworksBuildPhase section */
		124615D72AA24BB600AEC114 /* Frameworks */ = {
			isa = PBXFrameworksBuildPhase;
			buildActionMask = 2147483647;
			files = (
			);
			runOnlyForDeploymentPostprocessing = 0;
		};
		124615DE2AA24BB600AEC114 /* Frameworks */ = {
			isa = PBXFrameworksBuildPhase;
			buildActionMask = 2147483647;
			files = (
				124615E22AA24BB600AEC114 /* QuizEngine.framework in Frameworks */,
			);
			runOnlyForDeploymentPostprocessing = 0;
		};
		129E87DC2A9A0A0000C21183 /* Frameworks */ = {
			isa = PBXFrameworksBuildPhase;
			buildActionMask = 2147483647;
			files = (
			);
			runOnlyForDeploymentPostprocessing = 0;
		};
		129E87E42A9A0A0000C21183 /* Frameworks */ = {
			isa = PBXFrameworksBuildPhase;
			buildActionMask = 2147483647;
			files = (
				129E87E82A9A0A0000C21183 /* QuizEngine.framework in Frameworks */,
			);
			runOnlyForDeploymentPostprocessing = 0;
		};
/* End PBXFrameworksBuildPhase section */

/* Begin PBXGroup section */
		129E87D52A9A0A0000C21183 = {
			isa = PBXGroup;
			children = (
				129E87E12A9A0A0000C21183 /* QuizEngine */,
				129E87EB2A9A0A0000C21183 /* QuizEngineTests */,
				129E87E02A9A0A0000C21183 /* Products */,
			);
			sourceTree = "<group>";
		};
		129E87E02A9A0A0000C21183 /* Products */ = {
			isa = PBXGroup;
			children = (
				129E87DF2A9A0A0000C21183 /* QuizEngine.framework */,
				129E87E72A9A0A0000C21183 /* QuizEngineTests.xctest */,
				124615DA2AA24BB600AEC114 /* QuizEngine.framework */,
				124615E12AA24BB600AEC114 /* QuizEngine_iOSTests.xctest */,
			);
			name = Products;
			sourceTree = "<group>";
		};
		129E87E12A9A0A0000C21183 /* QuizEngine */ = {
			isa = PBXGroup;
			children = (
				129E87F92A9A0EA100C21183 /* Flow.swift */,
				123379592AA21A4800A420AA /* Result.swift */,
				12ABD22B2AE59904007C8F87 /* Question.swift */,
				1233795B2AA21A6C00A420AA /* Router.swift */,
				1233795F2AA21CD800A420AA /* Game.swift */,
			);
			path = QuizEngine;
			sourceTree = "<group>";
		};
		129E87EB2A9A0A0000C21183 /* QuizEngineTests */ = {
			isa = PBXGroup;
			children = (
				12E179C12AEE90BE001691A5 /* QuestionTest.swift */,
				129E87F72A9A0BA200C21183 /* FlowTest.swift */,
				1233795D2AA21BF800A420AA /* DeprecatedGameTest.swift */,
			);
			path = QuizEngineTests;
			sourceTree = "<group>";
		};
/* End PBXGroup section */

/* Begin PBXHeadersBuildPhase section */
		124615D52AA24BB600AEC114 /* Headers */ = {
			isa = PBXHeadersBuildPhase;
			buildActionMask = 2147483647;
			files = (
			);
			runOnlyForDeploymentPostprocessing = 0;
		};
		129E87DA2A9A0A0000C21183 /* Headers */ = {
			isa = PBXHeadersBuildPhase;
			buildActionMask = 2147483647;
			files = (
			);
			runOnlyForDeploymentPostprocessing = 0;
		};
/* End PBXHeadersBuildPhase section */

/* Begin PBXNativeTarget section */
		124615D92AA24BB600AEC114 /* QuizEngine_iOS */ = {
			isa = PBXNativeTarget;
			buildConfigurationList = 124615ED2AA24BB600AEC114 /* Build configuration list for PBXNativeTarget "QuizEngine_iOS" */;
			buildPhases = (
				124615D52AA24BB600AEC114 /* Headers */,
				124615D62AA24BB600AEC114 /* Sources */,
				124615D72AA24BB600AEC114 /* Frameworks */,
				124615D82AA24BB600AEC114 /* Resources */,
			);
			buildRules = (
			);
			dependencies = (
			);
			name = QuizEngine_iOS;
			productName = QuizEngine_iOS;
			productReference = 124615DA2AA24BB600AEC114 /* QuizEngine.framework */;
			productType = "com.apple.product-type.framework";
		};
		124615E02AA24BB600AEC114 /* QuizEngine_iOSTests */ = {
			isa = PBXNativeTarget;
			buildConfigurationList = 124615EE2AA24BB600AEC114 /* Build configuration list for PBXNativeTarget "QuizEngine_iOSTests" */;
			buildPhases = (
				124615DD2AA24BB600AEC114 /* Sources */,
				124615DE2AA24BB600AEC114 /* Frameworks */,
				124615DF2AA24BB600AEC114 /* Resources */,
			);
			buildRules = (
			);
			dependencies = (
				124615E42AA24BB600AEC114 /* PBXTargetDependency */,
			);
			name = QuizEngine_iOSTests;
			productName = QuizEngine_iOSTests;
			productReference = 124615E12AA24BB600AEC114 /* QuizEngine_iOSTests.xctest */;
			productType = "com.apple.product-type.bundle.unit-test";
		};
		129E87DE2A9A0A0000C21183 /* QuizEngine */ = {
			isa = PBXNativeTarget;
			buildConfigurationList = 129E87F12A9A0A0000C21183 /* Build configuration list for PBXNativeTarget "QuizEngine" */;
			buildPhases = (
				129E87DA2A9A0A0000C21183 /* Headers */,
				129E87DB2A9A0A0000C21183 /* Sources */,
				129E87DC2A9A0A0000C21183 /* Frameworks */,
				129E87DD2A9A0A0000C21183 /* Resources */,
			);
			buildRules = (
			);
			dependencies = (
			);
			name = QuizEngine;
			productName = QuizEngine;
			productReference = 129E87DF2A9A0A0000C21183 /* QuizEngine.framework */;
			productType = "com.apple.product-type.framework";
		};
		129E87E62A9A0A0000C21183 /* QuizEngineTests */ = {
			isa = PBXNativeTarget;
			buildConfigurationList = 129E87F42A9A0A0000C21183 /* Build configuration list for PBXNativeTarget "QuizEngineTests" */;
			buildPhases = (
				129E87E32A9A0A0000C21183 /* Sources */,
				129E87E42A9A0A0000C21183 /* Frameworks */,
				129E87E52A9A0A0000C21183 /* Resources */,
			);
			buildRules = (
			);
			dependencies = (
				129E87EA2A9A0A0000C21183 /* PBXTargetDependency */,
			);
			name = QuizEngineTests;
			productName = QuizEngineTests;
			productReference = 129E87E72A9A0A0000C21183 /* QuizEngineTests.xctest */;
			productType = "com.apple.product-type.bundle.unit-test";
		};
/* End PBXNativeTarget section */

/* Begin PBXProject section */
		129E87D62A9A0A0000C21183 /* Project object */ = {
			isa = PBXProject;
			attributes = {
				BuildIndependentTargetsInParallel = 1;
				LastSwiftUpdateCheck = 1430;
				LastUpgradeCheck = 1430;
				TargetAttributes = {
					124615D92AA24BB600AEC114 = {
						CreatedOnToolsVersion = 14.3.1;
					};
					124615E02AA24BB600AEC114 = {
						CreatedOnToolsVersion = 14.3.1;
					};
					129E87DE2A9A0A0000C21183 = {
						CreatedOnToolsVersion = 14.3.1;
						LastSwiftMigration = 1430;
					};
					129E87E62A9A0A0000C21183 = {
						CreatedOnToolsVersion = 14.3.1;
						LastSwiftMigration = 1430;
					};
				};
			};
			buildConfigurationList = 129E87D92A9A0A0000C21183 /* Build configuration list for PBXProject "QuizEngine" */;
			compatibilityVersion = "Xcode 14.0";
			developmentRegion = en;
			hasScannedForEncodings = 0;
			knownRegions = (
				en,
				Base,
			);
			mainGroup = 129E87D52A9A0A0000C21183;
			productRefGroup = 129E87E02A9A0A0000C21183 /* Products */;
			projectDirPath = "";
			projectRoot = "";
			targets = (
				129E87DE2A9A0A0000C21183 /* QuizEngine */,
				129E87E62A9A0A0000C21183 /* QuizEngineTests */,
				124615D92AA24BB600AEC114 /* QuizEngine_iOS */,
				124615E02AA24BB600AEC114 /* QuizEngine_iOSTests */,
			);
		};
/* End PBXProject section */

/* Begin PBXResourcesBuildPhase section */
		124615D82AA24BB600AEC114 /* Resources */ = {
			isa = PBXResourcesBuildPhase;
			buildActionMask = 2147483647;
			files = (
			);
			runOnlyForDeploymentPostprocessing = 0;
		};
		124615DF2AA24BB600AEC114 /* Resources */ = {
			isa = PBXResourcesBuildPhase;
			buildActionMask = 2147483647;
			files = (
			);
			runOnlyForDeploymentPostprocessing = 0;
		};
		129E87DD2A9A0A0000C21183 /* Resources */ = {
			isa = PBXResourcesBuildPhase;
			buildActionMask = 2147483647;
			files = (
			);
			runOnlyForDeploymentPostprocessing = 0;
		};
		129E87E52A9A0A0000C21183 /* Resources */ = {
			isa = PBXResourcesBuildPhase;
			buildActionMask = 2147483647;
			files = (
			);
			runOnlyForDeploymentPostprocessing = 0;
		};
/* End PBXResourcesBuildPhase section */

/* Begin PBXSourcesBuildPhase section */
		124615D62AA24BB600AEC114 /* Sources */ = {
			isa = PBXSourcesBuildPhase;
			buildActionMask = 2147483647;
			files = (
				12ABD22D2AE59904007C8F87 /* Question.swift in Sources */,
				124615F22AA24CB500AEC114 /* Result.swift in Sources */,
				124615F52AA24CB500AEC114 /* Flow.swift in Sources */,
				124615F42AA24CB500AEC114 /* Router.swift in Sources */,
				124615F32AA24CB500AEC114 /* Game.swift in Sources */,
			);
			runOnlyForDeploymentPostprocessing = 0;
		};
		124615DD2AA24BB600AEC114 /* Sources */ = {
			isa = PBXSourcesBuildPhase;
			buildActionMask = 2147483647;
			files = (
				124615EF2AA24CA300AEC114 /* FlowTest.swift in Sources */,
				124615F02AA24CA300AEC114 /* DeprecatedGameTest.swift in Sources */,
			);
			runOnlyForDeploymentPostprocessing = 0;
		};
		129E87DB2A9A0A0000C21183 /* Sources */ = {
			isa = PBXSourcesBuildPhase;
			buildActionMask = 2147483647;
			files = (
				12ABD22C2AE59904007C8F87 /* Question.swift in Sources */,
				1233795A2AA21A4800A420AA /* Result.swift in Sources */,
				1233795C2AA21A6C00A420AA /* Router.swift in Sources */,
				129E87FA2A9A0EA200C21183 /* Flow.swift in Sources */,
				123379602AA21CD800A420AA /* Game.swift in Sources */,
			);
			runOnlyForDeploymentPostprocessing = 0;
		};
		129E87E32A9A0A0000C21183 /* Sources */ = {
			isa = PBXSourcesBuildPhase;
			buildActionMask = 2147483647;
			files = (
				129E87F82A9A0BA200C21183 /* FlowTest.swift in Sources */,
				12E179C22AEE90BE001691A5 /* QuestionTest.swift in Sources */,
				1233795E2AA21BF800A420AA /* DeprecatedGameTest.swift in Sources */,
			);
			runOnlyForDeploymentPostprocessing = 0;
		};
/* End PBXSourcesBuildPhase section */

/* Begin PBXTargetDependency section */
		124615E42AA24BB600AEC114 /* PBXTargetDependency */ = {
			isa = PBXTargetDependency;
			target = 124615D92AA24BB600AEC114 /* QuizEngine_iOS */;
			targetProxy = 124615E32AA24BB600AEC114 /* PBXContainerItemProxy */;
		};
		129E87EA2A9A0A0000C21183 /* PBXTargetDependency */ = {
			isa = PBXTargetDependency;
			target = 129E87DE2A9A0A0000C21183 /* QuizEngine */;
			targetProxy = 129E87E92A9A0A0000C21183 /* PBXContainerItemProxy */;
		};
/* End PBXTargetDependency section */

/* Begin XCBuildConfiguration section */
		124615E92AA24BB600AEC114 /* Debug */ = {
			isa = XCBuildConfiguration;
			buildSettings = {
				CODE_SIGN_STYLE = Automatic;
				CURRENT_PROJECT_VERSION = 1;
				DEFINES_MODULE = YES;
				DEVELOPMENT_TEAM = RPQ3VF2JBZ;
				DYLIB_COMPATIBILITY_VERSION = 1;
				DYLIB_CURRENT_VERSION = 1;
				DYLIB_INSTALL_NAME_BASE = "@rpath";
				ENABLE_MODULE_VERIFIER = YES;
				GENERATE_INFOPLIST_FILE = YES;
				INFOPLIST_KEY_NSHumanReadableCopyright = "";
				INSTALL_PATH = "$(LOCAL_LIBRARY_DIR)/Frameworks";
				IPHONEOS_DEPLOYMENT_TARGET = 16.4;
				LD_RUNPATH_SEARCH_PATHS = (
					"$(inherited)",
					"@executable_path/Frameworks",
					"@loader_path/Frameworks",
				);
				MARKETING_VERSION = 1.0;
				MODULE_VERIFIER_SUPPORTED_LANGUAGES = "objective-c objective-c++";
				MODULE_VERIFIER_SUPPORTED_LANGUAGE_STANDARDS = "gnu11 gnu++20";
				PRODUCT_BUNDLE_IDENTIFIER = "com.mfsaglam.QuizEngine-iOS";
				PRODUCT_NAME = QuizEngine;
				SDKROOT = iphoneos;
				SKIP_INSTALL = YES;
				SWIFT_EMIT_LOC_STRINGS = YES;
				SWIFT_VERSION = 5.0;
				TARGETED_DEVICE_FAMILY = "1,2";
			};
			name = Debug;
		};
		124615EA2AA24BB600AEC114 /* Release */ = {
			isa = XCBuildConfiguration;
			buildSettings = {
				CODE_SIGN_STYLE = Automatic;
				CURRENT_PROJECT_VERSION = 1;
				DEFINES_MODULE = YES;
				DEVELOPMENT_TEAM = RPQ3VF2JBZ;
				DYLIB_COMPATIBILITY_VERSION = 1;
				DYLIB_CURRENT_VERSION = 1;
				DYLIB_INSTALL_NAME_BASE = "@rpath";
				ENABLE_MODULE_VERIFIER = YES;
				GENERATE_INFOPLIST_FILE = YES;
				INFOPLIST_KEY_NSHumanReadableCopyright = "";
				INSTALL_PATH = "$(LOCAL_LIBRARY_DIR)/Frameworks";
				IPHONEOS_DEPLOYMENT_TARGET = 16.4;
				LD_RUNPATH_SEARCH_PATHS = (
					"$(inherited)",
					"@executable_path/Frameworks",
					"@loader_path/Frameworks",
				);
				MARKETING_VERSION = 1.0;
				MODULE_VERIFIER_SUPPORTED_LANGUAGES = "objective-c objective-c++";
				MODULE_VERIFIER_SUPPORTED_LANGUAGE_STANDARDS = "gnu11 gnu++20";
				PRODUCT_BUNDLE_IDENTIFIER = "com.mfsaglam.QuizEngine-iOS";
				PRODUCT_NAME = QuizEngine;
				SDKROOT = iphoneos;
				SKIP_INSTALL = YES;
				SWIFT_EMIT_LOC_STRINGS = YES;
				SWIFT_VERSION = 5.0;
				TARGETED_DEVICE_FAMILY = "1,2";
				VALIDATE_PRODUCT = YES;
			};
			name = Release;
		};
		124615EB2AA24BB600AEC114 /* Debug */ = {
			isa = XCBuildConfiguration;
			buildSettings = {
				ALWAYS_EMBED_SWIFT_STANDARD_LIBRARIES = YES;
				CODE_SIGN_STYLE = Automatic;
				CURRENT_PROJECT_VERSION = 1;
				DEVELOPMENT_TEAM = RPQ3VF2JBZ;
				GENERATE_INFOPLIST_FILE = YES;
				INFOPLIST_FILE = "";
				IPHONEOS_DEPLOYMENT_TARGET = 16.4;
				MARKETING_VERSION = 1.0;
				PRODUCT_BUNDLE_IDENTIFIER = "com.mfsaglam.QuizEngine-iOSTests";
				PRODUCT_NAME = "$(TARGET_NAME)";
				SDKROOT = iphoneos;
				SWIFT_EMIT_LOC_STRINGS = NO;
				SWIFT_VERSION = 5.0;
				TARGETED_DEVICE_FAMILY = "1,2";
			};
			name = Debug;
		};
		124615EC2AA24BB600AEC114 /* Release */ = {
			isa = XCBuildConfiguration;
			buildSettings = {
				ALWAYS_EMBED_SWIFT_STANDARD_LIBRARIES = YES;
				CODE_SIGN_STYLE = Automatic;
				CURRENT_PROJECT_VERSION = 1;
				DEVELOPMENT_TEAM = RPQ3VF2JBZ;
				GENERATE_INFOPLIST_FILE = YES;
				INFOPLIST_FILE = "";
				IPHONEOS_DEPLOYMENT_TARGET = 16.4;
				MARKETING_VERSION = 1.0;
				PRODUCT_BUNDLE_IDENTIFIER = "com.mfsaglam.QuizEngine-iOSTests";
				PRODUCT_NAME = "$(TARGET_NAME)";
				SDKROOT = iphoneos;
				SWIFT_EMIT_LOC_STRINGS = NO;
				SWIFT_VERSION = 5.0;
				TARGETED_DEVICE_FAMILY = "1,2";
				VALIDATE_PRODUCT = YES;
			};
			name = Release;
		};
		129E87EF2A9A0A0000C21183 /* Debug */ = {
			isa = XCBuildConfiguration;
			buildSettings = {
				ALWAYS_SEARCH_USER_PATHS = NO;
				CLANG_ANALYZER_NONNULL = YES;
				CLANG_ANALYZER_NUMBER_OBJECT_CONVERSION = YES_AGGRESSIVE;
				CLANG_CXX_LANGUAGE_STANDARD = "gnu++20";
				CLANG_ENABLE_MODULES = YES;
				CLANG_ENABLE_OBJC_ARC = YES;
				CLANG_ENABLE_OBJC_WEAK = YES;
				CLANG_WARN_BLOCK_CAPTURE_AUTORELEASING = YES;
				CLANG_WARN_BOOL_CONVERSION = YES;
				CLANG_WARN_COMMA = YES;
				CLANG_WARN_CONSTANT_CONVERSION = YES;
				CLANG_WARN_DEPRECATED_OBJC_IMPLEMENTATIONS = YES;
				CLANG_WARN_DIRECT_OBJC_ISA_USAGE = YES_ERROR;
				CLANG_WARN_DOCUMENTATION_COMMENTS = YES;
				CLANG_WARN_EMPTY_BODY = YES;
				CLANG_WARN_ENUM_CONVERSION = YES;
				CLANG_WARN_INFINITE_RECURSION = YES;
				CLANG_WARN_INT_CONVERSION = YES;
				CLANG_WARN_NON_LITERAL_NULL_CONVERSION = YES;
				CLANG_WARN_OBJC_IMPLICIT_RETAIN_SELF = YES;
				CLANG_WARN_OBJC_LITERAL_CONVERSION = YES;
				CLANG_WARN_OBJC_ROOT_CLASS = YES_ERROR;
				CLANG_WARN_QUOTED_INCLUDE_IN_FRAMEWORK_HEADER = YES;
				CLANG_WARN_RANGE_LOOP_ANALYSIS = YES;
				CLANG_WARN_STRICT_PROTOTYPES = YES;
				CLANG_WARN_SUSPICIOUS_MOVE = YES;
				CLANG_WARN_UNGUARDED_AVAILABILITY = YES_AGGRESSIVE;
				CLANG_WARN_UNREACHABLE_CODE = YES;
				CLANG_WARN__DUPLICATE_METHOD_MATCH = YES;
				COPY_PHASE_STRIP = NO;
				CURRENT_PROJECT_VERSION = 1;
				DEBUG_INFORMATION_FORMAT = dwarf;
				ENABLE_STRICT_OBJC_MSGSEND = YES;
				ENABLE_TESTABILITY = YES;
				GCC_C_LANGUAGE_STANDARD = gnu11;
				GCC_DYNAMIC_NO_PIC = NO;
				GCC_NO_COMMON_BLOCKS = YES;
				GCC_OPTIMIZATION_LEVEL = 0;
				GCC_PREPROCESSOR_DEFINITIONS = (
					"DEBUG=1",
					"$(inherited)",
				);
				GCC_WARN_64_TO_32_BIT_CONVERSION = YES;
				GCC_WARN_ABOUT_RETURN_TYPE = YES_ERROR;
				GCC_WARN_UNDECLARED_SELECTOR = YES;
				GCC_WARN_UNINITIALIZED_AUTOS = YES_AGGRESSIVE;
				GCC_WARN_UNUSED_FUNCTION = YES;
				GCC_WARN_UNUSED_VARIABLE = YES;
				MACOSX_DEPLOYMENT_TARGET = 13.0;
				MTL_ENABLE_DEBUG_INFO = INCLUDE_SOURCE;
				MTL_FAST_MATH = YES;
				ONLY_ACTIVE_ARCH = YES;
				SDKROOT = macosx;
				SWIFT_ACTIVE_COMPILATION_CONDITIONS = DEBUG;
				SWIFT_OPTIMIZATION_LEVEL = "-Onone";
				VERSIONING_SYSTEM = "apple-generic";
				VERSION_INFO_PREFIX = "";
			};
			name = Debug;
		};
		129E87F02A9A0A0000C21183 /* Release */ = {
			isa = XCBuildConfiguration;
			buildSettings = {
				ALWAYS_SEARCH_USER_PATHS = NO;
				CLANG_ANALYZER_NONNULL = YES;
				CLANG_ANALYZER_NUMBER_OBJECT_CONVERSION = YES_AGGRESSIVE;
				CLANG_CXX_LANGUAGE_STANDARD = "gnu++20";
				CLANG_ENABLE_MODULES = YES;
				CLANG_ENABLE_OBJC_ARC = YES;
				CLANG_ENABLE_OBJC_WEAK = YES;
				CLANG_WARN_BLOCK_CAPTURE_AUTORELEASING = YES;
				CLANG_WARN_BOOL_CONVERSION = YES;
				CLANG_WARN_COMMA = YES;
				CLANG_WARN_CONSTANT_CONVERSION = YES;
				CLANG_WARN_DEPRECATED_OBJC_IMPLEMENTATIONS = YES;
				CLANG_WARN_DIRECT_OBJC_ISA_USAGE = YES_ERROR;
				CLANG_WARN_DOCUMENTATION_COMMENTS = YES;
				CLANG_WARN_EMPTY_BODY = YES;
				CLANG_WARN_ENUM_CONVERSION = YES;
				CLANG_WARN_INFINITE_RECURSION = YES;
				CLANG_WARN_INT_CONVERSION = YES;
				CLANG_WARN_NON_LITERAL_NULL_CONVERSION = YES;
				CLANG_WARN_OBJC_IMPLICIT_RETAIN_SELF = YES;
				CLANG_WARN_OBJC_LITERAL_CONVERSION = YES;
				CLANG_WARN_OBJC_ROOT_CLASS = YES_ERROR;
				CLANG_WARN_QUOTED_INCLUDE_IN_FRAMEWORK_HEADER = YES;
				CLANG_WARN_RANGE_LOOP_ANALYSIS = YES;
				CLANG_WARN_STRICT_PROTOTYPES = YES;
				CLANG_WARN_SUSPICIOUS_MOVE = YES;
				CLANG_WARN_UNGUARDED_AVAILABILITY = YES_AGGRESSIVE;
				CLANG_WARN_UNREACHABLE_CODE = YES;
				CLANG_WARN__DUPLICATE_METHOD_MATCH = YES;
				COPY_PHASE_STRIP = NO;
				CURRENT_PROJECT_VERSION = 1;
				DEBUG_INFORMATION_FORMAT = "dwarf-with-dsym";
				ENABLE_NS_ASSERTIONS = NO;
				ENABLE_STRICT_OBJC_MSGSEND = YES;
				GCC_C_LANGUAGE_STANDARD = gnu11;
				GCC_NO_COMMON_BLOCKS = YES;
				GCC_WARN_64_TO_32_BIT_CONVERSION = YES;
				GCC_WARN_ABOUT_RETURN_TYPE = YES_ERROR;
				GCC_WARN_UNDECLARED_SELECTOR = YES;
				GCC_WARN_UNINITIALIZED_AUTOS = YES_AGGRESSIVE;
				GCC_WARN_UNUSED_FUNCTION = YES;
				GCC_WARN_UNUSED_VARIABLE = YES;
				MACOSX_DEPLOYMENT_TARGET = 13.0;
				MTL_ENABLE_DEBUG_INFO = NO;
				MTL_FAST_MATH = YES;
				SDKROOT = macosx;
				SWIFT_COMPILATION_MODE = wholemodule;
				SWIFT_OPTIMIZATION_LEVEL = "-O";
				VERSIONING_SYSTEM = "apple-generic";
				VERSION_INFO_PREFIX = "";
			};
			name = Release;
		};
		129E87F22A9A0A0000C21183 /* Debug */ = {
			isa = XCBuildConfiguration;
			buildSettings = {
				CLANG_ENABLE_MODULES = YES;
				CODE_SIGN_STYLE = Automatic;
				COMBINE_HIDPI_IMAGES = YES;
				CURRENT_PROJECT_VERSION = 1;
				DEFINES_MODULE = YES;
				DEVELOPMENT_TEAM = RPQ3VF2JBZ;
				DYLIB_COMPATIBILITY_VERSION = 1;
				DYLIB_CURRENT_VERSION = 1;
				DYLIB_INSTALL_NAME_BASE = "@rpath";
				ENABLE_MODULE_VERIFIER = YES;
				GENERATE_INFOPLIST_FILE = YES;
				INFOPLIST_KEY_NSHumanReadableCopyright = "";
				INSTALL_PATH = "$(LOCAL_LIBRARY_DIR)/Frameworks";
				LD_RUNPATH_SEARCH_PATHS = (
					"$(inherited)",
					"@executable_path/../Frameworks",
					"@loader_path/Frameworks",
				);
				MARKETING_VERSION = 1.0;
				MODULE_VERIFIER_SUPPORTED_LANGUAGES = "objective-c objective-c++";
				MODULE_VERIFIER_SUPPORTED_LANGUAGE_STANDARDS = "gnu11 gnu++20";
				PRODUCT_BUNDLE_IDENTIFIER = com.mfsaglam.QuizEngine;
				PRODUCT_NAME = "$(TARGET_NAME:c99extidentifier)";
				SKIP_INSTALL = YES;
				SWIFT_EMIT_LOC_STRINGS = YES;
				SWIFT_OPTIMIZATION_LEVEL = "-Onone";
				SWIFT_VERSION = 5.0;
			};
			name = Debug;
		};
		129E87F32A9A0A0000C21183 /* Release */ = {
			isa = XCBuildConfiguration;
			buildSettings = {
				CLANG_ENABLE_MODULES = YES;
				CODE_SIGN_STYLE = Automatic;
				COMBINE_HIDPI_IMAGES = YES;
				CURRENT_PROJECT_VERSION = 1;
				DEFINES_MODULE = YES;
				DEVELOPMENT_TEAM = RPQ3VF2JBZ;
				DYLIB_COMPATIBILITY_VERSION = 1;
				DYLIB_CURRENT_VERSION = 1;
				DYLIB_INSTALL_NAME_BASE = "@rpath";
				ENABLE_MODULE_VERIFIER = YES;
				GENERATE_INFOPLIST_FILE = YES;
				INFOPLIST_KEY_NSHumanReadableCopyright = "";
				INSTALL_PATH = "$(LOCAL_LIBRARY_DIR)/Frameworks";
				LD_RUNPATH_SEARCH_PATHS = (
					"$(inherited)",
					"@executable_path/../Frameworks",
					"@loader_path/Frameworks",
				);
				MARKETING_VERSION = 1.0;
				MODULE_VERIFIER_SUPPORTED_LANGUAGES = "objective-c objective-c++";
				MODULE_VERIFIER_SUPPORTED_LANGUAGE_STANDARDS = "gnu11 gnu++20";
				PRODUCT_BUNDLE_IDENTIFIER = com.mfsaglam.QuizEngine;
				PRODUCT_NAME = "$(TARGET_NAME:c99extidentifier)";
				SKIP_INSTALL = YES;
				SWIFT_EMIT_LOC_STRINGS = YES;
				SWIFT_VERSION = 5.0;
			};
			name = Release;
		};
		129E87F52A9A0A0000C21183 /* Debug */ = {
			isa = XCBuildConfiguration;
			buildSettings = {
				ALWAYS_EMBED_SWIFT_STANDARD_LIBRARIES = YES;
				CLANG_ENABLE_MODULES = YES;
				CODE_SIGN_STYLE = Automatic;
				CURRENT_PROJECT_VERSION = 1;
				DEVELOPMENT_TEAM = RPQ3VF2JBZ;
				GENERATE_INFOPLIST_FILE = YES;
				MARKETING_VERSION = 1.0;
				PRODUCT_BUNDLE_IDENTIFIER = com.mfsaglam.QuizEngineTests;
				PRODUCT_NAME = "$(TARGET_NAME)";
				SWIFT_EMIT_LOC_STRINGS = NO;
				SWIFT_OPTIMIZATION_LEVEL = "-Onone";
				SWIFT_VERSION = 5.0;
			};
			name = Debug;
		};
		129E87F62A9A0A0000C21183 /* Release */ = {
			isa = XCBuildConfiguration;
			buildSettings = {
				ALWAYS_EMBED_SWIFT_STANDARD_LIBRARIES = YES;
				CLANG_ENABLE_MODULES = YES;
				CODE_SIGN_STYLE = Automatic;
				CURRENT_PROJECT_VERSION = 1;
				DEVELOPMENT_TEAM = RPQ3VF2JBZ;
				GENERATE_INFOPLIST_FILE = YES;
				MARKETING_VERSION = 1.0;
				PRODUCT_BUNDLE_IDENTIFIER = com.mfsaglam.QuizEngineTests;
				PRODUCT_NAME = "$(TARGET_NAME)";
				SWIFT_EMIT_LOC_STRINGS = NO;
				SWIFT_VERSION = 5.0;
			};
			name = Release;
		};
/* End XCBuildConfiguration section */

/* Begin XCConfigurationList section */
		124615ED2AA24BB600AEC114 /* Build configuration list for PBXNativeTarget "QuizEngine_iOS" */ = {
			isa = XCConfigurationList;
			buildConfigurations = (
				124615E92AA24BB600AEC114 /* Debug */,
				124615EA2AA24BB600AEC114 /* Release */,
			);
			defaultConfigurationIsVisible = 0;
			defaultConfigurationName = Release;
		};
		124615EE2AA24BB600AEC114 /* Build configuration list for PBXNativeTarget "QuizEngine_iOSTests" */ = {
			isa = XCConfigurationList;
			buildConfigurations = (
				124615EB2AA24BB600AEC114 /* Debug */,
				124615EC2AA24BB600AEC114 /* Release */,
			);
			defaultConfigurationIsVisible = 0;
			defaultConfigurationName = Release;
		};
		129E87D92A9A0A0000C21183 /* Build configuration list for PBXProject "QuizEngine" */ = {
			isa = XCConfigurationList;
			buildConfigurations = (
				129E87EF2A9A0A0000C21183 /* Debug */,
				129E87F02A9A0A0000C21183 /* Release */,
			);
			defaultConfigurationIsVisible = 0;
			defaultConfigurationName = Release;
		};
		129E87F12A9A0A0000C21183 /* Build configuration list for PBXNativeTarget "QuizEngine" */ = {
			isa = XCConfigurationList;
			buildConfigurations = (
				129E87F22A9A0A0000C21183 /* Debug */,
				129E87F32A9A0A0000C21183 /* Release */,
			);
			defaultConfigurationIsVisible = 0;
			defaultConfigurationName = Release;
		};
		129E87F42A9A0A0000C21183 /* Build configuration list for PBXNativeTarget "QuizEngineTests" */ = {
			isa = XCConfigurationList;
			buildConfigurations = (
				129E87F52A9A0A0000C21183 /* Debug */,
				129E87F62A9A0A0000C21183 /* Release */,
			);
			defaultConfigurationIsVisible = 0;
			defaultConfigurationName = Release;
		};
/* End XCConfigurationList section */
	};
	rootObject = 129E87D62A9A0A0000C21183 /* Project object */;
}
